{
  "artifacts": {
    "VERSION": "6e45aa5fc4a3bcf5cff28df440dba2769825b0993591bd39c0827812e572328e",
    "atlas.yaml": "f5ac592ab0d397149df60e0f8bb18e925dc995e02054db618a0908af718c1b0c",
    "tools/agent-task.schema.json": "945c96f2b467d45dd96c886896dbc4903e7a446b835e6eeb53092fc2d3c92e65",
    "tools/atlas-output.schema.json": "36449a3b758b73cb310bb8e0f9c3078ed948383aec88a62fd6599f0c2b7110a3",
    "tools/thea-commands.schema.json": "77535759c6038fb7fcd1eb36c1d733bfb7d3cba7e3624991472fcad80a848e58",
    "tools/tools.schema.json": "da183d949e650092bf5297f0826438c3a119a2191b5a01e70715bcb36dccb0fe"
  },
  "contract": "3.40.0",
  "schema": 1
}
